
Microsoft Visual Studio Solution File, Format Version 12.00
# Visual Studio Version 17
VisualStudioVersion = 17.2.32526.322
MinimumVisualStudioVersion = 10.0.40219.1
Project("{FAE04EC0-301F-11D3-BF4B-00C04F79EFBC}") = "chemApp1", "chemApp1\chemApp1.csproj", "{8B953857-C617-4BCF-9DBE-B14F00904801}"
EndProject
Global
	GlobalSection(SolutionConfigurationPlatforms) = preSolution
		Debug|Any CPU = Debug|Any CPU
		Release|Any CPU = Release|Any CPU
	EndGlobalSection
	GlobalSection(ProjectConfigurationPlatforms) = postSolution
		{8B953857-C617-4BCF-9DBE-B14F00904801}.Debug|Any CPU.ActiveCfg = Debug|Any CPU
		{8B953857-C617-4BCF-9DBE-B14F00904801}.Debug|Any CPU.Build.0 = Debug|Any CPU
		{8B953857-C617-4BCF-9DBE-B14F00904801}.Release|Any CPU.ActiveCfg = Release|Any CPU
		{8B953857-C617-4BCF-9DBE-B14F00904801}.Release|Any CPU.Build.0 = Release|Any CPU
	EndGlobalSection
	GlobalSection(SolutionProperties) = preSolution
		HideSolutionNode = FALSE
	EndGlobalSection
	GlobalSection(ExtensibilityGlobals) = postSolution
		SolutionGuid = {BE0129C9-D39F-43A0-8F30-5656656D1634}
	EndGlobalSection
EndGlobal
